
Microsoft Visual Studio Solution File, Format Version 12.00
# Visual Studio Version 17
VisualStudioVersion = 17.2.32526.322
MinimumVisualStudioVersion = 10.0.40219.1
Project("{9A19103F-16F7-4668-BE54-9A1E7A4F7556}") = "EsercitazioneWeek7.CORE", "EsercitazioneWeek7.CORE\EsercitazioneWeek7.CORE.csproj", "{6608377F-7AA1-416A-B38A-B04A8E288534}"
EndProject
Project("{FAE04EC0-301F-11D3-BF4B-00C04F79EFBC}") = "EsercitazioneWeek7.EF", "EsercitazioneWeek7.EF\EsercitazioneWeek7.EF.csproj", "{462C377C-8026-4311-9FC8-036EB219E42B}"
EndProject
Global
	GlobalSection(SolutionConfigurationPlatforms) = preSolution
		Debug|Any CPU = Debug|Any CPU
		Release|Any CPU = Release|Any CPU
	EndGlobalSection
	GlobalSection(ProjectConfigurationPlatforms) = postSolution
		{6608377F-7AA1-416A-B38A-B04A8E288534}.Debug|Any CPU.ActiveCfg = Debug|Any CPU
		{6608377F-7AA1-416A-B38A-B04A8E288534}.Debug|Any CPU.Build.0 = Debug|Any CPU
		{6608377F-7AA1-416A-B38A-B04A8E288534}.Release|Any CPU.ActiveCfg = Release|Any CPU
		{6608377F-7AA1-416A-B38A-B04A8E288534}.Release|Any CPU.Build.0 = Release|Any CPU
		{462C377C-8026-4311-9FC8-036EB219E42B}.Debug|Any CPU.ActiveCfg = Debug|Any CPU
		{462C377C-8026-4311-9FC8-036EB219E42B}.Debug|Any CPU.Build.0 = Debug|Any CPU
		{462C377C-8026-4311-9FC8-036EB219E42B}.Release|Any CPU.ActiveCfg = Release|Any CPU
		{462C377C-8026-4311-9FC8-036EB219E42B}.Release|Any CPU.Build.0 = Release|Any CPU
	EndGlobalSection
	GlobalSection(SolutionProperties) = preSolution
		HideSolutionNode = FALSE
	EndGlobalSection
	GlobalSection(ExtensibilityGlobals) = postSolution
		SolutionGuid = {0636A800-8560-4072-AE85-9257E811B9D1}
	EndGlobalSection
EndGlobal
